
Microsoft Visual Studio Solution File, Format Version 12.00
# Visual Studio Version 17
VisualStudioVersion = 17.2.32616.157
MinimumVisualStudioVersion = 10.0.40219.1
Project("{8BC9CEB8-8B4A-11D0-8D11-00A0C91BC942}") = "BaseProC++", "BaseProC++.vcxproj", "{D7CEFF53-3F7A-42CB-BA27-CAEEDE1777DF}"
EndProject
Project("{2150E333-8FDC-42A3-9474-1A3956D46DE8}") = "NewFolder1", "NewFolder1", "{155076BE-2117-4CE6-B5F5-94855F397A56}"
	ProjectSection(SolutionItems) = preProject
		pthread\pthreadT1.cpp = pthread\pthreadT1.cpp
	EndProjectSection
EndProject
Global
	GlobalSection(SolutionConfigurationPlatforms) = preSolution
		Debug|x64 = Debug|x64
		Debug|x86 = Debug|x86
		Release|x64 = Release|x64
		Release|x86 = Release|x86
	EndGlobalSection
	GlobalSection(ProjectConfigurationPlatforms) = postSolution
		{D7CEFF53-3F7A-42CB-BA27-CAEEDE1777DF}.Debug|x64.ActiveCfg = Debug|x64
		{D7CEFF53-3F7A-42CB-BA27-CAEEDE1777DF}.Debug|x64.Build.0 = Debug|x64
		{D7CEFF53-3F7A-42CB-BA27-CAEEDE1777DF}.Debug|x86.ActiveCfg = Debug|Win32
		{D7CEFF53-3F7A-42CB-BA27-CAEEDE1777DF}.Debug|x86.Build.0 = Debug|Win32
		{D7CEFF53-3F7A-42CB-BA27-CAEEDE1777DF}.Release|x64.ActiveCfg = Release|x64
		{D7CEFF53-3F7A-42CB-BA27-CAEEDE1777DF}.Release|x64.Build.0 = Release|x64
		{D7CEFF53-3F7A-42CB-BA27-CAEEDE1777DF}.Release|x86.ActiveCfg = Release|Win32
		{D7CEFF53-3F7A-42CB-BA27-CAEEDE1777DF}.Release|x86.Build.0 = Release|Win32
	EndGlobalSection
	GlobalSection(SolutionProperties) = preSolution
		HideSolutionNode = FALSE
	EndGlobalSection
	GlobalSection(ExtensibilityGlobals) = postSolution
		SolutionGuid = {E776E8C3-2D91-42F5-8DF5-711B612479AE}
	EndGlobalSection
EndGlobal
